
Microsoft Visual Studio Solution File, Format Version 12.00
# Visual Studio 15
VisualStudioVersion = 15.0.28307.852
MinimumVisualStudioVersion = 10.0.40219.1
Project("{9A19103F-16F7-4668-BE54-9A1E7A4F7556}") = "DataAccess", "DataAccess\DataAccess.csproj", "{D07ED5E7-3494-4DA6-8F08-03116B6BE3C2}"
EndProject
Project("{9A19103F-16F7-4668-BE54-9A1E7A4F7556}") = "Business", "Business\Business.csproj", "{0C7AFA2A-B471-4A7F-8AC7-E882C21AB969}"
EndProject
Project("{9A19103F-16F7-4668-BE54-9A1E7A4F7556}") = "Entities", "Entities\Entities.csproj", "{BAE7497E-19A6-4EFE-AF6C-55F7D78BBD72}"
EndProject
Project("{9A19103F-16F7-4668-BE54-9A1E7A4F7556}") = "ConsoleUI", "ConsoleUI\ConsoleUI.csproj", "{33D0F405-A0DD-4B36-B22E-07146F733BA8}"
EndProject
Project("{9A19103F-16F7-4668-BE54-9A1E7A4F7556}") = "Core", "Core\Core.csproj", "{C1EB0AE0-FD06-4FA7-A951-C71BCF89ACF4}"
EndProject
Project("{FAE04EC0-301F-11D3-BF4B-00C04F79EFBC}") = "WebAPI", "WebAPI\WebAPI.csproj", "{7F0DC54E-5B0F-42C8-B880-33A98B304741}"
EndProject
Global
	GlobalSection(SolutionConfigurationPlatforms) = preSolution
		Debug|Any CPU = Debug|Any CPU
		Release|Any CPU = Release|Any CPU
	EndGlobalSection
	GlobalSection(ProjectConfigurationPlatforms) = postSolution
		{D07ED5E7-3494-4DA6-8F08-03116B6BE3C2}.Debug|Any CPU.ActiveCfg = Debug|Any CPU
		{D07ED5E7-3494-4DA6-8F08-03116B6BE3C2}.Debug|Any CPU.Build.0 = Debug|Any CPU
		{D07ED5E7-3494-4DA6-8F08-03116B6BE3C2}.Release|Any CPU.ActiveCfg = Release|Any CPU
		{D07ED5E7-3494-4DA6-8F08-03116B6BE3C2}.Release|Any CPU.Build.0 = Release|Any CPU
		{0C7AFA2A-B471-4A7F-8AC7-E882C21AB969}.Debug|Any CPU.ActiveCfg = Debug|Any CPU
		{0C7AFA2A-B471-4A7F-8AC7-E882C21AB969}.Debug|Any CPU.Build.0 = Debug|Any CPU
		{0C7AFA2A-B471-4A7F-8AC7-E882C21AB969}.Release|Any CPU.ActiveCfg = Release|Any CPU
		{0C7AFA2A-B471-4A7F-8AC7-E882C21AB969}.Release|Any CPU.Build.0 = Release|Any CPU
		{BAE7497E-19A6-4EFE-AF6C-55F7D78BBD72}.Debug|Any CPU.ActiveCfg = Debug|Any CPU
		{BAE7497E-19A6-4EFE-AF6C-55F7D78BBD72}.Debug|Any CPU.Build.0 = Debug|Any CPU
		{BAE7497E-19A6-4EFE-AF6C-55F7D78BBD72}.Release|Any CPU.ActiveCfg = Release|Any CPU
		{BAE7497E-19A6-4EFE-AF6C-55F7D78BBD72}.Release|Any CPU.Build.0 = Release|Any CPU
		{33D0F405-A0DD-4B36-B22E-07146F733BA8}.Debug|Any CPU.ActiveCfg = Debug|Any CPU
		{33D0F405-A0DD-4B36-B22E-07146F733BA8}.Debug|Any CPU.Build.0 = Debug|Any CPU
		{33D0F405-A0DD-4B36-B22E-07146F733BA8}.Release|Any CPU.ActiveCfg = Release|Any CPU
		{33D0F405-A0DD-4B36-B22E-07146F733BA8}.Release|Any CPU.Build.0 = Release|Any CPU
		{C1EB0AE0-FD06-4FA7-A951-C71BCF89ACF4}.Debug|Any CPU.ActiveCfg = Debug|Any CPU
		{C1EB0AE0-FD06-4FA7-A951-C71BCF89ACF4}.Debug|Any CPU.Build.0 = Debug|Any CPU
		{C1EB0AE0-FD06-4FA7-A951-C71BCF89ACF4}.Release|Any CPU.ActiveCfg = Release|Any CPU
		{C1EB0AE0-FD06-4FA7-A951-C71BCF89ACF4}.Release|Any CPU.Build.0 = Release|Any CPU
		{7F0DC54E-5B0F-42C8-B880-33A98B304741}.Debug|Any CPU.ActiveCfg = Debug|Any CPU
		{7F0DC54E-5B0F-42C8-B880-33A98B304741}.Debug|Any CPU.Build.0 = Debug|Any CPU
		{7F0DC54E-5B0F-42C8-B880-33A98B304741}.Release|Any CPU.ActiveCfg = Release|Any CPU
		{7F0DC54E-5B0F-42C8-B880-33A98B304741}.Release|Any CPU.Build.0 = Release|Any CPU
	EndGlobalSection
	GlobalSection(SolutionProperties) = preSolution
		HideSolutionNode = FALSE
	EndGlobalSection
	GlobalSection(ExtensibilityGlobals) = postSolution
		SolutionGuid = {6477E403-5E1E-48B5-B8A2-22F4F3CD2042}
	EndGlobalSection
EndGlobal
